
Microsoft Visual Studio Solution File, Format Version 12.00
# Visual Studio 15
VisualStudioVersion = 15.0.28307.168
MinimumVisualStudioVersion = 10.0.40219.1
Project("{FAE04EC0-301F-11D3-BF4B-00C04F79EFBC}") = "Console", "Console\Console.csproj", "{6B2EDE8E-A0C7-4C1D-B1B6-8F4DA8F9D940}"
EndProject
Global
	GlobalSection(SolutionConfigurationPlatforms) = preSolution
		Debug|Any CPU = Debug|Any CPU
		Release|Any CPU = Release|Any CPU
	EndGlobalSection
	GlobalSection(ProjectConfigurationPlatforms) = postSolution
		{6B2EDE8E-A0C7-4C1D-B1B6-8F4DA8F9D940}.Debug|Any CPU.ActiveCfg = Debug|Any CPU
		{6B2EDE8E-A0C7-4C1D-B1B6-8F4DA8F9D940}.Debug|Any CPU.Build.0 = Debug|Any CPU
		{6B2EDE8E-A0C7-4C1D-B1B6-8F4DA8F9D940}.Release|Any CPU.ActiveCfg = Release|Any CPU
		{6B2EDE8E-A0C7-4C1D-B1B6-8F4DA8F9D940}.Release|Any CPU.Build.0 = Release|Any CPU
	EndGlobalSection
	GlobalSection(SolutionProperties) = preSolution
		HideSolutionNode = FALSE
	EndGlobalSection
	GlobalSection(ExtensibilityGlobals) = postSolution
		SolutionGuid = {7FA65A6D-DE32-46BB-9209-89DCDE09E973}
	EndGlobalSection
EndGlobal
